// !$*UTF8*$!
{
	archiveVersion = 1;
	classes = {
	};
	objectVersion = 50;
	objects = {

/* Begin PBXBuildFile section */
		662D6EA02598C45D0088CCAA /* landmarkData.json in Resources */ = {isa = PBXBuildFile; fileRef = 662D6E9F2598C45D0088CCAA /* landmarkData.json */; };
		662D6EA62598C4910088CCAA /* Landmark.swift in Sources */ = {isa = PBXBuildFile; fileRef = 662D6EA52598C4910088CCAA /* Landmark.swift */; };
		662D6EAB2598C5BE0088CCAA /* Coordinates.swift in Sources */ = {isa = PBXBuildFile; fileRef = 662D6EAA2598C5BE0088CCAA /* Coordinates.swift */; };
		662D6EAF2598C63E0088CCAA /* DataLoader.swift in Sources */ = {isa = PBXBuildFile; fileRef = 662D6EAE2598C63E0088CCAA /* DataLoader.swift */; };
		662D6EB42598D1AC0088CCAA /* LandmarkRowView.swift in Sources */ = {isa = PBXBuildFile; fileRef = 662D6EB32598D1AC0088CCAA /* LandmarkRowView.swift */; };
		662D6EB82598D2190088CCAA /* LandmarksData.swift in Sources */ = {isa = PBXBuildFile; fileRef = 662D6EB72598D2190088CCAA /* LandmarksData.swift */; };
		662D6EC12598D4880088CCAA /* LandmarkListView.swift in Sources */ = {isa = PBXBuildFile; fileRef = 662D6EC02598D4880088CCAA /* LandmarkListView.swift */; };
		6687214525A765E4007BF851 /* HexagonParameters.swift in Sources */ = {isa = PBXBuildFile; fileRef = 6687214425A765E4007BF851 /* HexagonParameters.swift */; };
		6687214825A7677B007BF851 /* BadgeBackground.swift in Sources */ = {isa = PBXBuildFile; fileRef = 6687214725A7677B007BF851 /* BadgeBackground.swift */; };
		66A1D7342598A82B00A79F88 /* LandmarksApp.swift in Sources */ = {isa = PBXBuildFile; fileRef = 66A1D7332598A82B00A79F88 /* LandmarksApp.swift */; };
		66A1D7362598A82B00A79F88 /* LandmarkDetailsView.swift in Sources */ = {isa = PBXBuildFile; fileRef = 66A1D7352598A82B00A79F88 /* LandmarkDetailsView.swift */; };
		66A1D7382598A82C00A79F88 /* Assets.xcassets in Resources */ = {isa = PBXBuildFile; fileRef = 66A1D7372598A82C00A79F88 /* Assets.xcassets */; };
		66A1D73B2598A82C00A79F88 /* Preview Assets.xcassets in Resources */ = {isa = PBXBuildFile; fileRef = 66A1D73A2598A82C00A79F88 /* Preview Assets.xcassets */; };
		66A1D7442598B6BC00A79F88 /* CircleImage.swift in Sources */ = {isa = PBXBuildFile; fileRef = 66A1D7432598B6BC00A79F88 /* CircleImage.swift */; };
		66A1D7472598B83B00A79F88 /* MapView.swift in Sources */ = {isa = PBXBuildFile; fileRef = 66A1D7462598B83B00A79F88 /* MapView.swift */; };
		66F0887725A75BD400ACB54D /* FavoriteButtonView.swift in Sources */ = {isa = PBXBuildFile; fileRef = 66F0887625A75BD400ACB54D /* FavoriteButtonView.swift */; };
/* End PBXBuildFile section */

/* Begin PBXFileReference section */
		662D6E9F2598C45D0088CCAA /* landmarkData.json */ = {isa = PBXFileReference; fileEncoding = 4; lastKnownFileType = text.json; path = landmarkData.json; sourceTree = "<group>"; };
		662D6EA52598C4910088CCAA /* Landmark.swift */ = {isa = PBXFileReference; lastKnownFileType = sourcecode.swift; path = Landmark.swift; sourceTree = "<group>"; };
		662D6EAA2598C5BE0088CCAA /* Coordinates.swift */ = {isa = PBXFileReference; lastKnownFileType = sourcecode.swift; path = Coordinates.swift; sourceTree = "<group>"; };
		662D6EAE2598C63E0088CCAA /* DataLoader.swift */ = {isa = PBXFileReference; lastKnownFileType = sourcecode.swift; path = DataLoader.swift; sourceTree = "<group>"; };
		662D6EB32598D1AC0088CCAA /* LandmarkRowView.swift */ = {isa = PBXFileReference; lastKnownFileType = sourcecode.swift; path = LandmarkRowView.swift; sourceTree = "<group>"; };
		662D6EB72598D2190088CCAA /* LandmarksData.swift */ = {isa = PBXFileReference; lastKnownFileType = sourcecode.swift; path = LandmarksData.swift; sourceTree = "<group>"; };
		662D6EC02598D4880088CCAA /* LandmarkListView.swift */ = {isa = PBXFileReference; lastKnownFileType = sourcecode.swift; path = LandmarkListView.swift; sourceTree = "<group>"; };
		6687214425A765E4007BF851 /* HexagonParameters.swift */ = {isa = PBXFileReference; lastKnownFileType = sourcecode.swift; path = HexagonParameters.swift; sourceTree = "<group>"; };
		6687214725A7677B007BF851 /* BadgeBackground.swift */ = {isa = PBXFileReference; lastKnownFileType = sourcecode.swift; path = BadgeBackground.swift; sourceTree = "<group>"; };
		66A1D7302598A82B00A79F88 /* Landmarks.app */ = {isa = PBXFileReference; explicitFileType = wrapper.application; includeInIndex = 0; path = Landmarks.app; sourceTree = BUILT_PRODUCTS_DIR; };
		66A1D7332598A82B00A79F88 /* LandmarksApp.swift */ = {isa = PBXFileReference; lastKnownFileType = sourcecode.swift; path = LandmarksApp.swift; sourceTree = "<group>"; };
		66A1D7352598A82B00A79F88 /* LandmarkDetailsView.swift */ = {isa = PBXFileReference; lastKnownFileType = sourcecode.swift; path = LandmarkDetailsView.swift; sourceTree = "<group>"; };
		66A1D7372598A82C00A79F88 /* Assets.xcassets */ = {isa = PBXFileReference; lastKnownFileType = folder.assetcatalog; path = Assets.xcassets; sourceTree = "<group>"; };
		66A1D73A2598A82C00A79F88 /* Preview Assets.xcassets */ = {isa = PBXFileReference; lastKnownFileType = folder.assetcatalog; path = "Preview Assets.xcassets"; sourceTree = "<group>"; };
		66A1D73C2598A82C00A79F88 /* Info.plist */ = {isa = PBXFileReference; lastKnownFileType = text.plist.xml; path = Info.plist; sourceTree = "<group>"; };
		66A1D7432598B6BC00A79F88 /* CircleImage.swift */ = {isa = PBXFileReference; lastKnownFileType = sourcecode.swift; path = CircleImage.swift; sourceTree = "<group>"; };
		66A1D7462598B83B00A79F88 /* MapView.swift */ = {isa = PBXFileReference; lastKnownFileType = sourcecode.swift; path = MapView.swift; sourceTree = "<group>"; };
		66F0887625A75BD400ACB54D /* FavoriteButtonView.swift */ = {isa = PBXFileReference; lastKnownFileType = sourcecode.swift; path = FavoriteButtonView.swift; sourceTree = "<group>"; };
/* End PBXFileReference section */

/* Begin PBXFrameworksBuildPhase section */
		66A1D72D2598A82B00A79F88 /* Frameworks */ = {
			isa = PBXFrameworksBuildPhase;
			buildActionMask = 2147483647;
			files = (
			);
			runOnlyForDeploymentPostprocessing = 0;
		};
/* End PBXFrameworksBuildPhase section */

/* Begin PBXGroup section */
		662D6EA22598C4600088CCAA /* JSONs */ = {
			isa = PBXGroup;
			children = (
				662D6E9F2598C45D0088CCAA /* landmarkData.json */,
			);
			path = JSONs;
			sourceTree = "<group>";
		};
		662D6EA92598C5AB0088CCAA /* Models */ = {
			isa = PBXGroup;
			children = (
				662D6EB72598D2190088CCAA /* LandmarksData.swift */,
				662D6EA52598C4910088CCAA /* Landmark.swift */,
				662D6EAA2598C5BE0088CCAA /* Coordinates.swift */,
			);
			path = Models;
			sourceTree = "<group>";
		};
		662D6EB22598C7910088CCAA /* API & Loaders */ = {
			isa = PBXGroup;
			children = (
				662D6EAE2598C63E0088CCAA /* DataLoader.swift */,
			);
			path = "API & Loaders";
			sourceTree = "<group>";
		};
		662D6EC32598D63C0088CCAA /* List */ = {
			isa = PBXGroup;
			children = (
				662D6EC02598D4880088CCAA /* LandmarkListView.swift */,
				662D6EB32598D1AC0088CCAA /* LandmarkRowView.swift */,
			);
			path = List;
			sourceTree = "<group>";
		};
		662D6EC52598D67E0088CCAA /* Details */ = {
			isa = PBXGroup;
			children = (
				66A1D7352598A82B00A79F88 /* LandmarkDetailsView.swift */,
			);
			path = Details;
			sourceTree = "<group>";
		};
		6687214325A765AB007BF851 /* Badges */ = {
			isa = PBXGroup;
			children = (
				6687214425A765E4007BF851 /* HexagonParameters.swift */,
				6687214725A7677B007BF851 /* BadgeBackground.swift */,
			);
			path = Badges;
			sourceTree = "<group>";
		};
		66A1D7272598A82B00A79F88 = {
			isa = PBXGroup;
			children = (
				66A1D7322598A82B00A79F88 /* Landmarks */,
				66A1D7312598A82B00A79F88 /* Products */,
			);
			sourceTree = "<group>";
		};
		66A1D7312598A82B00A79F88 /* Products */ = {
			isa = PBXGroup;
			children = (
				66A1D7302598A82B00A79F88 /* Landmarks.app */,
			);
			name = Products;
			sourceTree = "<group>";
		};
		66A1D7322598A82B00A79F88 /* Landmarks */ = {
			isa = PBXGroup;
			children = (
				66A1D7332598A82B00A79F88 /* LandmarksApp.swift */,
				662D6EB22598C7910088CCAA /* API & Loaders */,
				662D6EA92598C5AB0088CCAA /* Models */,
				66A1D74A2598B84100A79F88 /* Views */,
				66A1D74B2598B85100A79F88 /* Resources */,
				66A1D7392598A82C00A79F88 /* Preview Content */,
			);
			path = Landmarks;
			sourceTree = "<group>";
		};
		66A1D7392598A82C00A79F88 /* Preview Content */ = {
			isa = PBXGroup;
			children = (
				66A1D73A2598A82C00A79F88 /* Preview Assets.xcassets */,
			);
			path = "Preview Content";
			sourceTree = "<group>";
		};
		66A1D74A2598B84100A79F88 /* Views */ = {
			isa = PBXGroup;
			children = (
				66F0887A25A75D2400ACB54D /* Landmarks */,
				6687214325A765AB007BF851 /* Badges */,
				66F0887925A75D1900ACB54D /* Helpers */,
			);
			path = Views;
			sourceTree = "<group>";
		};
		66A1D74B2598B85100A79F88 /* Resources */ = {
			isa = PBXGroup;
			children = (
				66A1D7372598A82C00A79F88 /* Assets.xcassets */,
				66A1D73C2598A82C00A79F88 /* Info.plist */,
				662D6EA22598C4600088CCAA /* JSONs */,
			);
			path = Resources;
			sourceTree = "<group>";
		};
		66F0887925A75D1900ACB54D /* Helpers */ = {
			isa = PBXGroup;
			children = (
				66A1D7462598B83B00A79F88 /* MapView.swift */,
				66F0887625A75BD400ACB54D /* FavoriteButtonView.swift */,
				66A1D7432598B6BC00A79F88 /* CircleImage.swift */,
			);
			path = Helpers;
			sourceTree = "<group>";
		};
		66F0887A25A75D2400ACB54D /* Landmarks */ = {
			isa = PBXGroup;
			children = (
				662D6EC32598D63C0088CCAA /* List */,
				662D6EC52598D67E0088CCAA /* Details */,
			);
			path = Landmarks;
			sourceTree = "<group>";
		};
/* End PBXGroup section */

/* Begin PBXNativeTarget section */
		66A1D72F2598A82B00A79F88 /* Landmarks */ = {
			isa = PBXNativeTarget;
			buildConfigurationList = 66A1D73F2598A82C00A79F88 /* Build configuration list for PBXNativeTarget "Landmarks" */;
			buildPhases = (
				66A1D72C2598A82B00A79F88 /* Sources */,
				66A1D72D2598A82B00A79F88 /* Frameworks */,
				66A1D72E2598A82B00A79F88 /* Resources */,
			);
			buildRules = (
			);
			dependencies = (
			);
			name = Landmarks;
			productName = Landmarks;
			productReference = 66A1D7302598A82B00A79F88 /* Landmarks.app */;
			productType = "com.apple.product-type.application";
		};
/* End PBXNativeTarget section */

/* Begin PBXProject section */
		66A1D7282598A82B00A79F88 /* Project object */ = {
			isa = PBXProject;
			attributes = {
				LastSwiftUpdateCheck = 1230;
				LastUpgradeCheck = 1230;
				TargetAttributes = {
					66A1D72F2598A82B00A79F88 = {
						CreatedOnToolsVersion = 12.3;
					};
				};
			};
			buildConfigurationList = 66A1D72B2598A82B00A79F88 /* Build configuration list for PBXProject "Landmarks" */;
			compatibilityVersion = "Xcode 9.3";
			developmentRegion = en;
			hasScannedForEncodings = 0;
			knownRegions = (
				en,
				Base,
			);
			mainGroup = 66A1D7272598A82B00A79F88;
			productRefGroup = 66A1D7312598A82B00A79F88 /* Products */;
			projectDirPath = "";
			projectRoot = "";
			targets = (
				66A1D72F2598A82B00A79F88 /* Landmarks */,
			);
		};
/* End PBXProject section */

/* Begin PBXResourcesBuildPhase section */
		66A1D72E2598A82B00A79F88 /* Resources */ = {
			isa = PBXResourcesBuildPhase;
			buildActionMask = 2147483647;
			files = (
				66A1D73B2598A82C00A79F88 /* Preview Assets.xcassets in Resources */,
				66A1D7382598A82C00A79F88 /* Assets.xcassets in Resources */,
				662D6EA02598C45D0088CCAA /* landmarkData.json in Resources */,
			);
			runOnlyForDeploymentPostprocessing = 0;
		};
/* End PBXResourcesBuildPhase section */

/* Begin PBXSourcesBuildPhase section */
		66A1D72C2598A82B00A79F88 /* Sources */ = {
			isa = PBXSourcesBuildPhase;
			buildActionMask = 2147483647;
			files = (
				6687214525A765E4007BF851 /* HexagonParameters.swift in Sources */,
				662D6EB82598D2190088CCAA /* LandmarksData.swift in Sources */,
				66A1D7442598B6BC00A79F88 /* CircleImage.swift in Sources */,
				66F0887725A75BD400ACB54D /* FavoriteButtonView.swift in Sources */,
				662D6EC12598D4880088CCAA /* LandmarkListView.swift in Sources */,
				66A1D7472598B83B00A79F88 /* MapView.swift in Sources */,
				66A1D7362598A82B00A79F88 /* LandmarkDetailsView.swift in Sources */,
				662D6EAB2598C5BE0088CCAA /* Coordinates.swift in Sources */,
				6687214825A7677B007BF851 /* BadgeBackground.swift in Sources */,
				66A1D7342598A82B00A79F88 /* LandmarksApp.swift in Sources */,
				662D6EB42598D1AC0088CCAA /* LandmarkRowView.swift in Sources */,
				662D6EA62598C4910088CCAA /* Landmark.swift in Sources */,
				662D6EAF2598C63E0088CCAA /* DataLoader.swift in Sources */,
			);
			runOnlyForDeploymentPostprocessing = 0;
		};
/* End PBXSourcesBuildPhase section */

/* Begin XCBuildConfiguration section */
		66A1D73D2598A82C00A79F88 /* Debug */ = {
			isa = XCBuildConfiguration;
			buildSettings = {
				ALWAYS_SEARCH_USER_PATHS = NO;
				CLANG_ANALYZER_NONNULL = YES;
				CLANG_ANALYZER_NUMBER_OBJECT_CONVERSION = YES_AGGRESSIVE;
				CLANG_CXX_LANGUAGE_STANDARD = "gnu++14";
				CLANG_CXX_LIBRARY = "libc++";
				CLANG_ENABLE_MODULES = YES;
				CLANG_ENABLE_OBJC_ARC = YES;
				CLANG_ENABLE_OBJC_WEAK = YES;
				CLANG_WARN_BLOCK_CAPTURE_AUTORELEASING = YES;
				CLANG_WARN_BOOL_CONVERSION = YES;
				CLANG_WARN_COMMA = YES;
				CLANG_WARN_CONSTANT_CONVERSION = YES;
				CLANG_WARN_DEPRECATED_OBJC_IMPLEMENTATIONS = YES;
				CLANG_WARN_DIRECT_OBJC_ISA_USAGE = YES_ERROR;
				CLANG_WARN_DOCUMENTATION_COMMENTS = YES;
				CLANG_WARN_EMPTY_BODY = YES;
				CLANG_WARN_ENUM_CONVERSION = YES;
				CLANG_WARN_INFINITE_RECURSION = YES;
				CLANG_WARN_INT_CONVERSION = YES;
				CLANG_WARN_NON_LITERAL_NULL_CONVERSION = YES;
				CLANG_WARN_OBJC_IMPLICIT_RETAIN_SELF = YES;
				CLANG_WARN_OBJC_LITERAL_CONVERSION = YES;
				CLANG_WARN_OBJC_ROOT_CLASS = YES_ERROR;
				CLANG_WARN_QUOTED_INCLUDE_IN_FRAMEWORK_HEADER = YES;
				CLANG_WARN_RANGE_LOOP_ANALYSIS = YES;
				CLANG_WARN_STRICT_PROTOTYPES = YES;
				CLANG_WARN_SUSPICIOUS_MOVE = YES;
				CLANG_WARN_UNGUARDED_AVAILABILITY = YES_AGGRESSIVE;
				CLANG_WARN_UNREACHABLE_CODE = YES;
				CLANG_WARN__DUPLICATE_METHOD_MATCH = YES;
				COPY_PHASE_STRIP = NO;
				DEBUG_INFORMATION_FORMAT = dwarf;
				ENABLE_STRICT_OBJC_MSGSEND = YES;
				ENABLE_TESTABILITY = YES;
				GCC_C_LANGUAGE_STANDARD = gnu11;
				GCC_DYNAMIC_NO_PIC = NO;
				GCC_NO_COMMON_BLOCKS = YES;
				GCC_OPTIMIZATION_LEVEL = 0;
				GCC_PREPROCESSOR_DEFINITIONS = (
					"DEBUG=1",
					"$(inherited)",
				);
				GCC_WARN_64_TO_32_BIT_CONVERSION = YES;
				GCC_WARN_ABOUT_RETURN_TYPE = YES_ERROR;
				GCC_WARN_UNDECLARED_SELECTOR = YES;
				GCC_WARN_UNINITIALIZED_AUTOS = YES_AGGRESSIVE;
				GCC_WARN_UNUSED_FUNCTION = YES;
				GCC_WARN_UNUSED_VARIABLE = YES;
				IPHONEOS_DEPLOYMENT_TARGET = 14.3;
				MTL_ENABLE_DEBUG_INFO = INCLUDE_SOURCE;
				MTL_FAST_MATH = YES;
				ONLY_ACTIVE_ARCH = YES;
				SDKROOT = iphoneos;
				SWIFT_ACTIVE_COMPILATION_CONDITIONS = DEBUG;
				SWIFT_OPTIMIZATION_LEVEL = "-Onone";
			};
			name = Debug;
		};
		66A1D73E2598A82C00A79F88 /* Release */ = {
			isa = XCBuildConfiguration;
			buildSettings = {
				ALWAYS_SEARCH_USER_PATHS = NO;
				CLANG_ANALYZER_NONNULL = YES;
				CLANG_ANALYZER_NUMBER_OBJECT_CONVERSION = YES_AGGRESSIVE;
				CLANG_CXX_LANGUAGE_STANDARD = "gnu++14";
				CLANG_CXX_LIBRARY = "libc++";
				CLANG_ENABLE_MODULES = YES;
				CLANG_ENABLE_OBJC_ARC = YES;
				CLANG_ENABLE_OBJC_WEAK = YES;
				CLANG_WARN_BLOCK_CAPTURE_AUTORELEASING = YES;
				CLANG_WARN_BOOL_CONVERSION = YES;
				CLANG_WARN_COMMA = YES;
				CLANG_WARN_CONSTANT_CONVERSION = YES;
				CLANG_WARN_DEPRECATED_OBJC_IMPLEMENTATIONS = YES;
				CLANG_WARN_DIRECT_OBJC_ISA_USAGE = YES_ERROR;
				CLANG_WARN_DOCUMENTATION_COMMENTS = YES;
				CLANG_WARN_EMPTY_BODY = YES;
				CLANG_WARN_ENUM_CONVERSION = YES;
				CLANG_WARN_INFINITE_RECURSION = YES;
				CLANG_WARN_INT_CONVERSION = YES;
				CLANG_WARN_NON_LITERAL_NULL_CONVERSION = YES;
				CLANG_WARN_OBJC_IMPLICIT_RETAIN_SELF = YES;
				CLANG_WARN_OBJC_LITERAL_CONVERSION = YES;
				CLANG_WARN_OBJC_ROOT_CLASS = YES_ERROR;
				CLANG_WARN_QUOTED_INCLUDE_IN_FRAMEWORK_HEADER = YES;
				CLANG_WARN_RANGE_LOOP_ANALYSIS = YES;
				CLANG_WARN_STRICT_PROTOTYPES = YES;
				CLANG_WARN_SUSPICIOUS_MOVE = YES;
				CLANG_WARN_UNGUARDED_AVAILABILITY = YES_AGGRESSIVE;
				CLANG_WARN_UNREACHABLE_CODE = YES;
				CLANG_WARN__DUPLICATE_METHOD_MATCH = YES;
				COPY_PHASE_STRIP = NO;
				DEBUG_INFORMATION_FORMAT = "dwarf-with-dsym";
				ENABLE_NS_ASSERTIONS = NO;
				ENABLE_STRICT_OBJC_MSGSEND = YES;
				GCC_C_LANGUAGE_STANDARD = gnu11;
				GCC_NO_COMMON_BLOCKS = YES;
				GCC_WARN_64_TO_32_BIT_CONVERSION = YES;
				GCC_WARN_ABOUT_RETURN_TYPE = YES_ERROR;
				GCC_WARN_UNDECLARED_SELECTOR = YES;
				GCC_WARN_UNINITIALIZED_AUTOS = YES_AGGRESSIVE;
				GCC_WARN_UNUSED_FUNCTION = YES;
				GCC_WARN_UNUSED_VARIABLE = YES;
				IPHONEOS_DEPLOYMENT_TARGET = 14.3;
				MTL_ENABLE_DEBUG_INFO = NO;
				MTL_FAST_MATH = YES;
				SDKROOT = iphoneos;
				SWIFT_COMPILATION_MODE = wholemodule;
				SWIFT_OPTIMIZATION_LEVEL = "-O";
				VALIDATE_PRODUCT = YES;
			};
			name = Release;
		};
		66A1D7402598A82C00A79F88 /* Debug */ = {
			isa = XCBuildConfiguration;
			buildSettings = {
				ASSETCATALOG_COMPILER_APPICON_NAME = AppIcon;
				ASSETCATALOG_COMPILER_GLOBAL_ACCENT_COLOR_NAME = AccentColor;
				CODE_SIGN_STYLE = Automatic;
				DEVELOPMENT_ASSET_PATHS = "\"Landmarks/Preview Content\"";
				DEVELOPMENT_TEAM = NP78NRZ4Q7;
				ENABLE_PREVIEWS = YES;
				INFOPLIST_FILE = Landmarks/Resources/Info.plist;
				IPHONEOS_DEPLOYMENT_TARGET = 14.0;
				LD_RUNPATH_SEARCH_PATHS = (
					"$(inherited)",
					"@executable_path/Frameworks",
				);
				PRODUCT_BUNDLE_IDENTIFIER = "Mikael-Melkonyan.Landmarks";
				PRODUCT_NAME = "$(TARGET_NAME)";
				SWIFT_VERSION = 5.0;
				TARGETED_DEVICE_FAMILY = "1,2";
			};
			name = Debug;
		};
		66A1D7412598A82C00A79F88 /* Release */ = {
			isa = XCBuildConfiguration;
			buildSettings = {
				ASSETCATALOG_COMPILER_APPICON_NAME = AppIcon;
				ASSETCATALOG_COMPILER_GLOBAL_ACCENT_COLOR_NAME = AccentColor;
				CODE_SIGN_STYLE = Automatic;
				DEVELOPMENT_ASSET_PATHS = "\"Landmarks/Preview Content\"";
				DEVELOPMENT_TEAM = NP78NRZ4Q7;
				ENABLE_PREVIEWS = YES;
				INFOPLIST_FILE = Landmarks/Resources/Info.plist;
				IPHONEOS_DEPLOYMENT_TARGET = 14.0;
				LD_RUNPATH_SEARCH_PATHS = (
					"$(inherited)",
					"@executable_path/Frameworks",
				);
				PRODUCT_BUNDLE_IDENTIFIER = "Mikael-Melkonyan.Landmarks";
				PRODUCT_NAME = "$(TARGET_NAME)";
				SWIFT_VERSION = 5.0;
				TARGETED_DEVICE_FAMILY = "1,2";
			};
			name = Release;
		};
/* End XCBuildConfiguration section */

/* Begin XCConfigurationList section */
		66A1D72B2598A82B00A79F88 /* Build configuration list for PBXProject "Landmarks" */ = {
			isa = XCConfigurationList;
			buildConfigurations = (
				66A1D73D2598A82C00A79F88 /* Debug */,
				66A1D73E2598A82C00A79F88 /* Release */,
			);
			defaultConfigurationIsVisible = 0;
			defaultConfigurationName = Release;
		};
		66A1D73F2598A82C00A79F88 /* Build configuration list for PBXNativeTarget "Landmarks" */ = {
			isa = XCConfigurationList;
			buildConfigurations = (
				66A1D7402598A82C00A79F88 /* Debug */,
				66A1D7412598A82C00A79F88 /* Release */,
			);
			defaultConfigurationIsVisible = 0;
			defaultConfigurationName = Release;
		};
/* End XCConfigurationList section */
	};
	rootObject = 66A1D7282598A82B00A79F88 /* Project object */;
}
